# stage0 pin for `make bootstrap` — docs/BOOTSTRAP.md. Refresh: dispatch
# .github/workflows/bootstrap.yml with publish=true and commit the lock it releases.
source 981a710791d304f243e7b5a933a46e08b83012e2
url https://github.com/JakeChampion/lang/releases/download/stage0-20261006-981a710
x86-64-linux 095d0eb6385d2870e4d8e655dd1e3d42a9e03eee6ee420707f2a0d480775942f
arm64-linux 17269c0a6584000e9be3e8cc7cf10e56e89ff5b273463dbb02a500cdb4e1a40e
arm64-darwin 517fa7303e06ca8b27484562137b0ea1155e460aa25e67872d882d47e2b99c23
