# stage0 pin for `make bootstrap` — docs/BOOTSTRAP.md. Refresh: dispatch
# .github/workflows/bootstrap.yml with publish=true and commit the lock it releases.
source fb755e47a793264331302a124b1aebefe1318c43
url https://github.com/JakeChampion/lang/releases/download/stage0-20260928-fb755e4
x86-64-linux acaa88dd6f1b4bc3348bc7e7e5637a57be5d413b4bc2926e0b1754bc4027d651
arm64-linux 8fbfb66eaea68bba2e28f92f4c077f33d874483c55c8c11a1258aac05ef6cbee
arm64-darwin a3c2af75c1be44dfdb038279cb7471bdc00fa38ff26b7e39e7463ce0d6802898
