# @generated - this file is auto-generated by `mise lock` https://mise.jdx.dev/dev-tools/mise-lock.html

lockfile_version = 1

[[tools.actionlint]]
version = "1.7.10"
backend = "aqua:rhysd/actionlint"
specifiers = ["1.7.10"]

[tools.actionlint."platforms.linux-arm64"]
checksum = "sha256:cd3dfe5f66887ec6b987752d8d9614e59fd22f39415c5ad9f28374623f41773a"
url = "https://github.com/rhysd/actionlint/releases/download/v1.7.10/actionlint_1.7.10_linux_arm64.tar.gz"
url_api = "https://api.github.com/repos/rhysd/actionlint/releases/assets/334518665"

[tools.actionlint."platforms.linux-arm64-musl"]
checksum = "sha256:cd3dfe5f66887ec6b987752d8d9614e59fd22f39415c5ad9f28374623f41773a"
url = "https://github.com/rhysd/actionlint/releases/download/v1.7.10/actionlint_1.7.10_linux_arm64.tar.gz"
url_api = "https://api.github.com/repos/rhysd/actionlint/releases/assets/334518665"

[tools.actionlint."platforms.linux-x64"]
checksum = "sha256:f4c76b71db5755a713e6055cbb0857ed07e103e028bda117817660ebadb4386f"
url = "https://github.com/rhysd/actionlint/releases/download/v1.7.10/actionlint_1.7.10_linux_amd64.tar.gz"
url_api = "https://api.github.com/repos/rhysd/actionlint/releases/assets/334518670"

[tools.actionlint."platforms.linux-x64-musl"]
checksum = "sha256:f4c76b71db5755a713e6055cbb0857ed07e103e028bda117817660ebadb4386f"
url = "https://github.com/rhysd/actionlint/releases/download/v1.7.10/actionlint_1.7.10_linux_amd64.tar.gz"
url_api = "https://api.github.com/repos/rhysd/actionlint/releases/assets/334518670"

[tools.actionlint."platforms.macos-arm64"]
checksum = "sha256:004ca87b367b37f4d75c55ab6cf80f9b8c043adbfbd440f31c604d417939c442"
url = "https://github.com/rhysd/actionlint/releases/download/v1.7.10/actionlint_1.7.10_darwin_arm64.tar.gz"
url_api = "https://api.github.com/repos/rhysd/actionlint/releases/assets/334518663"

[tools.actionlint."platforms.macos-x64"]
checksum = "sha256:16782c41f2af264db80f855ee5d09164ca98fc78edf3bcd0f46eecff279682ba"
url = "https://github.com/rhysd/actionlint/releases/download/v1.7.10/actionlint_1.7.10_darwin_amd64.tar.gz"
url_api = "https://api.github.com/repos/rhysd/actionlint/releases/assets/334518664"

[tools.actionlint."platforms.windows-x64"]
checksum = "sha256:283467f9d6202a8cb8c00ad8dd0ee4e685b71fb86a6a56c68fcbb9ae8ed91237"
url = "https://github.com/rhysd/actionlint/releases/download/v1.7.10/actionlint_1.7.10_windows_amd64.zip"
url_api = "https://api.github.com/repos/rhysd/actionlint/releases/assets/334518677"

[[tools.go]]
version = "1.26.8"
backend = "core:go"
specifiers = ["1.26"]

[tools.go."platforms.linux-arm64"]
checksum = "sha256:211ffced9dcb9633a55eac6364816ec0ddd951389a740e88fa8b3337971bdda0"
url = "https://dl.google.com/go/go1.26.8.linux-arm64.tar.gz"

[tools.go."platforms.linux-arm64-musl"]
checksum = "sha256:211ffced9dcb9633a55eac6364816ec0ddd951389a740e88fa8b3337971bdda0"
url = "https://dl.google.com/go/go1.26.8.linux-arm64.tar.gz"

[tools.go."platforms.linux-x64"]
checksum = "sha256:d0f743b33e8d8945e6b1f432edd15785c70507121d6e2a723b21285eddf8b57b"
url = "https://dl.google.com/go/go1.26.8.linux-amd64.tar.gz"

[tools.go."platforms.linux-x64-musl"]
checksum = "sha256:d0f743b33e8d8945e6b1f432edd15785c70507121d6e2a723b21285eddf8b57b"
url = "https://dl.google.com/go/go1.26.8.linux-amd64.tar.gz"

[tools.go."platforms.macos-arm64"]
checksum = "sha256:a012b25b571bd0138a03dcd25375ceba866fe5ca822f426d2c66a4de56fd3f4b"
url = "https://dl.google.com/go/go1.26.8.darwin-arm64.tar.gz"

[tools.go."platforms.macos-x64"]
checksum = "sha256:186be014105aa6542b767d2c6ed5cca10a0214bdff809ef1724022a8c7894150"
url = "https://dl.google.com/go/go1.26.8.darwin-amd64.tar.gz"

[tools.go."platforms.windows-x64"]
checksum = "sha256:b92c3b2adae85a11ba71fe7216daf0d84e82af4c8ab6c5625807f28622043a59"
url = "https://dl.google.com/go/go1.26.8.windows-amd64.zip"

[[tools.gotestsum]]
version = "1.13.0"
backend = "aqua:gotestyourself/gotestsum"
specifiers = ["1.13.0"]

[tools.gotestsum."platforms.linux-arm64"]
checksum = "sha256:7644a4c5cd1bb978d56245aeab25a586ac5ac62adebed20a399548867c13499d"
url = "https://github.com/gotestyourself/gotestsum/releases/download/v1.13.0/gotestsum_1.13.0_linux_arm64.tar.gz"
url_api = "https://api.github.com/repos/gotestyourself/gotestsum/releases/assets/291996834"

[tools.gotestsum."platforms.linux-arm64-musl"]
checksum = "sha256:7644a4c5cd1bb978d56245aeab25a586ac5ac62adebed20a399548867c13499d"
url = "https://github.com/gotestyourself/gotestsum/releases/download/v1.13.0/gotestsum_1.13.0_linux_arm64.tar.gz"
url_api = "https://api.github.com/repos/gotestyourself/gotestsum/releases/assets/291996834"

[tools.gotestsum."platforms.linux-x64"]
checksum = "sha256:11ccddeaf708ef228889f9fe2f68291a75b27013ddfc3b18156e094f5f40e8ee"
url = "https://github.com/gotestyourself/gotestsum/releases/download/v1.13.0/gotestsum_1.13.0_linux_amd64.tar.gz"
url_api = "https://api.github.com/repos/gotestyourself/gotestsum/releases/assets/291996833"

[tools.gotestsum."platforms.linux-x64-musl"]
checksum = "sha256:11ccddeaf708ef228889f9fe2f68291a75b27013ddfc3b18156e094f5f40e8ee"
url = "https://github.com/gotestyourself/gotestsum/releases/download/v1.13.0/gotestsum_1.13.0_linux_amd64.tar.gz"
url_api = "https://api.github.com/repos/gotestyourself/gotestsum/releases/assets/291996833"

[tools.gotestsum."platforms.macos-arm64"]
checksum = "sha256:509cb27aef747f48faf9bce424f59dcf79572c905204b990ee935bbfcc7fa0e9"
url = "https://github.com/gotestyourself/gotestsum/releases/download/v1.13.0/gotestsum_1.13.0_darwin_arm64.tar.gz"
url_api = "https://api.github.com/repos/gotestyourself/gotestsum/releases/assets/291996838"

[tools.gotestsum."platforms.macos-x64"]
checksum = "sha256:99529350f4c7b780b1efc543ca0d9721b09f0a4228f0efa9281261f58fefa05a"
url = "https://github.com/gotestyourself/gotestsum/releases/download/v1.13.0/gotestsum_1.13.0_darwin_amd64.tar.gz"
url_api = "https://api.github.com/repos/gotestyourself/gotestsum/releases/assets/291996829"

[tools.gotestsum."platforms.windows-x64"]
checksum = "sha256:fd5a6dc69e46a0970593e70d85a7e75f16714e9c61d6d72ccc324eb82df5bb8a"
url = "https://github.com/gotestyourself/gotestsum/releases/download/v1.13.0/gotestsum_1.13.0_windows_amd64.tar.gz"
url_api = "https://api.github.com/repos/gotestyourself/gotestsum/releases/assets/291996823"

[[tools."http:wasi-adapter"]]
version = "46.0.1"
backend = "http:wasi-adapter"
specifiers = ["46.0.1"]

[tools."http:wasi-adapter"."platforms.linux-arm64"]
url = "https://github.com/bytecodealliance/wasmtime/releases/download/v46.0.1/wasi_snapshot_preview1.command.wasm"

[tools."http:wasi-adapter"."platforms.linux-arm64-musl"]
url = "https://github.com/bytecodealliance/wasmtime/releases/download/v46.0.1/wasi_snapshot_preview1.command.wasm"

[tools."http:wasi-adapter"."platforms.linux-x64"]
checksum = "blake3:19006779051d23a09115b461996a4fd0510fdf7b196aaa948868226a7499224f"
url = "https://github.com/bytecodealliance/wasmtime/releases/download/v46.0.1/wasi_snapshot_preview1.command.wasm"

[tools."http:wasi-adapter"."platforms.linux-x64-musl"]
url = "https://github.com/bytecodealliance/wasmtime/releases/download/v46.0.1/wasi_snapshot_preview1.command.wasm"

[tools."http:wasi-adapter"."platforms.macos-arm64"]
url = "https://github.com/bytecodealliance/wasmtime/releases/download/v46.0.1/wasi_snapshot_preview1.command.wasm"

[tools."http:wasi-adapter"."platforms.macos-x64"]
url = "https://github.com/bytecodealliance/wasmtime/releases/download/v46.0.1/wasi_snapshot_preview1.command.wasm"

[tools."http:wasi-adapter"."platforms.windows-x64"]
url = "https://github.com/bytecodealliance/wasmtime/releases/download/v46.0.1/wasi_snapshot_preview1.command.wasm"

[[tools.wasm-tools]]
version = "1.253.0"
backend = "aqua:bytecodealliance/wasm-tools"
specifiers = ["1.253.0"]

[tools.wasm-tools."platforms.linux-arm64"]
checksum = "sha256:4a9a1c6a0885aaf17f433f2927bd61b1fe40069836f750f4e9f9ccd661106c65"
url = "https://github.com/bytecodealliance/wasm-tools/releases/download/v1.253.0/wasm-tools-1.253.0-aarch64-linux.tar.gz"
url_api = "https://api.github.com/repos/bytecodealliance/wasm-tools/releases/assets/469357299"
provenance = "github-attestations"

[tools.wasm-tools."platforms.linux-arm64-musl"]
checksum = "sha256:4a9a1c6a0885aaf17f433f2927bd61b1fe40069836f750f4e9f9ccd661106c65"
url = "https://github.com/bytecodealliance/wasm-tools/releases/download/v1.253.0/wasm-tools-1.253.0-aarch64-linux.tar.gz"
url_api = "https://api.github.com/repos/bytecodealliance/wasm-tools/releases/assets/469357299"
provenance = "github-attestations"

[tools.wasm-tools."platforms.linux-x64"]
checksum = "sha256:4e2898f7ca3bd0536218ed9b7b36ff7b86954c57ae0e6272fde69728cbe01088"
url = "https://github.com/bytecodealliance/wasm-tools/releases/download/v1.253.0/wasm-tools-1.253.0-x86_64-linux.tar.gz"
url_api = "https://api.github.com/repos/bytecodealliance/wasm-tools/releases/assets/469357306"
provenance = "github-attestations"

[tools.wasm-tools."platforms.linux-x64-musl"]
checksum = "sha256:4e2898f7ca3bd0536218ed9b7b36ff7b86954c57ae0e6272fde69728cbe01088"
url = "https://github.com/bytecodealliance/wasm-tools/releases/download/v1.253.0/wasm-tools-1.253.0-x86_64-linux.tar.gz"
url_api = "https://api.github.com/repos/bytecodealliance/wasm-tools/releases/assets/469357306"
provenance = "github-attestations"

[tools.wasm-tools."platforms.macos-arm64"]
checksum = "sha256:27b5f83d82ae8f2d961b5a87bdc024bca9db851a7b617d14065cec196fed29d7"
url = "https://github.com/bytecodealliance/wasm-tools/releases/download/v1.253.0/wasm-tools-1.253.0-aarch64-macos.tar.gz"
url_api = "https://api.github.com/repos/bytecodealliance/wasm-tools/releases/assets/469357297"
provenance = "github-attestations"

[tools.wasm-tools."platforms.macos-x64"]
checksum = "sha256:9e311880fe8fcb7ef55cfeea98dc6235440a0aa0a66373affdda4bc1dde47602"
url = "https://github.com/bytecodealliance/wasm-tools/releases/download/v1.253.0/wasm-tools-1.253.0-x86_64-macos.tar.gz"
url_api = "https://api.github.com/repos/bytecodealliance/wasm-tools/releases/assets/469357307"
provenance = "github-attestations"

[tools.wasm-tools."platforms.windows-x64"]
checksum = "sha256:de37787bd6c9bca3a2eade40f2e5b724ac4d701cbe0d75f19c5144f7b3d735cc"
url = "https://github.com/bytecodealliance/wasm-tools/releases/download/v1.253.0/wasm-tools-1.253.0-x86_64-windows.zip"
url_api = "https://api.github.com/repos/bytecodealliance/wasm-tools/releases/assets/469357312"
provenance = "github-attestations"

[[tools.wasmtime]]
version = "46.0.1"
backend = "aqua:bytecodealliance/wasmtime"
specifiers = ["46.0.1"]

[tools.wasmtime."platforms.linux-arm64"]
checksum = "sha256:071c4def2a08f0ebc95c52dfd4f2886eb697ba495804217cf76e13b09d70a1be"
url = "https://github.com/bytecodealliance/wasmtime/releases/download/v46.0.1/wasmtime-v46.0.1-aarch64-linux.tar.xz"
url_api = "https://api.github.com/repos/bytecodealliance/wasmtime/releases/assets/456907520"
provenance = "github-attestations"

[tools.wasmtime."platforms.linux-arm64-musl"]
checksum = "sha256:071c4def2a08f0ebc95c52dfd4f2886eb697ba495804217cf76e13b09d70a1be"
url = "https://github.com/bytecodealliance/wasmtime/releases/download/v46.0.1/wasmtime-v46.0.1-aarch64-linux.tar.xz"
url_api = "https://api.github.com/repos/bytecodealliance/wasmtime/releases/assets/456907520"
provenance = "github-attestations"

[tools.wasmtime."platforms.linux-x64"]
checksum = "sha256:9ae0b17ea298bcc52277a8208d6ab7fae8e1a89579672f9d82f9d86c116edb62"
url = "https://github.com/bytecodealliance/wasmtime/releases/download/v46.0.1/wasmtime-v46.0.1-x86_64-linux.tar.xz"
url_api = "https://api.github.com/repos/bytecodealliance/wasmtime/releases/assets/456907584"
provenance = "github-attestations"

[tools.wasmtime."platforms.linux-x64-musl"]
checksum = "sha256:9ae0b17ea298bcc52277a8208d6ab7fae8e1a89579672f9d82f9d86c116edb62"
url = "https://github.com/bytecodealliance/wasmtime/releases/download/v46.0.1/wasmtime-v46.0.1-x86_64-linux.tar.xz"
url_api = "https://api.github.com/repos/bytecodealliance/wasmtime/releases/assets/456907584"
provenance = "github-attestations"

[tools.wasmtime."platforms.macos-arm64"]
checksum = "sha256:acee50be70dbe90b0ab2ac7db1321fc44715153a1b1cc58291c97b6d7cffc558"
url = "https://github.com/bytecodealliance/wasmtime/releases/download/v46.0.1/wasmtime-v46.0.1-aarch64-macos.tar.xz"
url_api = "https://api.github.com/repos/bytecodealliance/wasmtime/releases/assets/456907523"
provenance = "github-attestations"

[tools.wasmtime."platforms.macos-x64"]
checksum = "sha256:0513db67e7089c7e5f743a01427782bc4def83854222f4bc9b1d75f0b925240b"
url = "https://github.com/bytecodealliance/wasmtime/releases/download/v46.0.1/wasmtime-v46.0.1-x86_64-macos.tar.xz"
url_api = "https://api.github.com/repos/bytecodealliance/wasmtime/releases/assets/456907587"
provenance = "github-attestations"

[tools.wasmtime."platforms.windows-x64"]
checksum = "sha256:99f038066b16cb3aaf63c1d282a9d7ba7befafbadf7aa8827cc4c712d96bc31a"
url = "https://github.com/bytecodealliance/wasmtime/releases/download/v46.0.1/wasmtime-v46.0.1-x86_64-windows.zip"
url_api = "https://api.github.com/repos/bytecodealliance/wasmtime/releases/assets/456907605"
provenance = "github-attestations"
